
Microsoft Visual Studio Solution File, Format Version 12.00
Project("{FAE04EC0-301F-11D3-BF4B-00C04F79EFBC}") = "Bergmania.OpenStreetMap", "Bergmania.OpenStreetMap\Bergmania.OpenStreetMap.csproj", "{10464889-A6E7-44A8-8F72-E1E8855B9992}"
EndProject
Project("{FAE04EC0-301F-11D3-BF4B-00C04F79EFBC}") = "Bergmania.OpenStreetMap.Testsite", "Bergmania.OpenStreetMap.Testsite\Bergmania.OpenStreetMap.Testsite.csproj", "{91FB0B4B-A899-4813-85D9-8A7C2877195B}"
EndProject
Project("{2150E333-8FDC-42A3-9474-1A3956D46DE8}") = "Solution files", "Solution files", "{5114C3D3-99A7-4A55-8B86-D11292DA5346}"
ProjectSection(SolutionItems) = preProject
	Readme.md = Readme.md
	.gitignore = .gitignore
EndProjectSection
EndProject
Global
	GlobalSection(SolutionConfigurationPlatforms) = preSolution
		Debug|Any CPU = Debug|Any CPU
		Release|Any CPU = Release|Any CPU
	EndGlobalSection
	GlobalSection(ProjectConfigurationPlatforms) = postSolution
		{10464889-A6E7-44A8-8F72-E1E8855B9992}.Debug|Any CPU.ActiveCfg = Debug|Any CPU
		{10464889-A6E7-44A8-8F72-E1E8855B9992}.Debug|Any CPU.Build.0 = Debug|Any CPU
		{10464889-A6E7-44A8-8F72-E1E8855B9992}.Release|Any CPU.ActiveCfg = Release|Any CPU
		{10464889-A6E7-44A8-8F72-E1E8855B9992}.Release|Any CPU.Build.0 = Release|Any CPU
		{91FB0B4B-A899-4813-85D9-8A7C2877195B}.Debug|Any CPU.ActiveCfg = Debug|Any CPU
		{91FB0B4B-A899-4813-85D9-8A7C2877195B}.Debug|Any CPU.Build.0 = Debug|Any CPU
		{91FB0B4B-A899-4813-85D9-8A7C2877195B}.Release|Any CPU.ActiveCfg = Release|Any CPU
		{91FB0B4B-A899-4813-85D9-8A7C2877195B}.Release|Any CPU.Build.0 = Release|Any CPU
	EndGlobalSection
EndGlobal
